
Microsoft Visual Studio Solution File, Format Version 12.00
# Visual Studio Version 17
VisualStudioVersion = 17.13.35931.197 d17.13
MinimumVisualStudioVersion = 10.0.40219.1
Project("{FAE04EC0-301F-11D3-BF4B-00C04F79EFBC}") = "Undertale Saver Tool", "Undertale Saver Tool\Undertale Saver Tool.csproj", "{58022B89-8B1F-48AA-842D-B3FC9920EA8E}"
EndProject
Global
	GlobalSection(SolutionConfigurationPlatforms) = preSolution
		Debug|Any CPU = Debug|Any CPU
		Release|Any CPU = Release|Any CPU
	EndGlobalSection
	GlobalSection(ProjectConfigurationPlatforms) = postSolution
		{58022B89-8B1F-48AA-842D-B3FC9920EA8E}.Debug|Any CPU.ActiveCfg = Debug|Any CPU
		{58022B89-8B1F-48AA-842D-B3FC9920EA8E}.Debug|Any CPU.Build.0 = Debug|Any CPU
		{58022B89-8B1F-48AA-842D-B3FC9920EA8E}.Release|Any CPU.ActiveCfg = Release|Any CPU
		{58022B89-8B1F-48AA-842D-B3FC9920EA8E}.Release|Any CPU.Build.0 = Release|Any CPU
	EndGlobalSection
	GlobalSection(SolutionProperties) = preSolution
		HideSolutionNode = FALSE
	EndGlobalSection
	GlobalSection(ExtensibilityGlobals) = postSolution
		SolutionGuid = {E12CBA29-A521-47B3-ACEE-1A581086B71D}
	EndGlobalSection
EndGlobal
